
Microsoft Visual Studio Solution File, Format Version 12.00
# Visual Studio Version 17
VisualStudioVersion = 17.6.33815.320
MinimumVisualStudioVersion = 10.0.40219.1
Project("{2150E333-8FDC-42A3-9474-1A3956D46DE8}") = "WebApi-REST", "WebApi-REST", "{70EA1F81-3B55-47A6-9DF7-E327B155F5CD}"
EndProject
Project("{2150E333-8FDC-42A3-9474-1A3956D46DE8}") = "WebApp-MVC", "WebApp-MVC", "{03E90E1E-9275-4A34-B47E-42C08732E246}"
EndProject
Project("{2150E333-8FDC-42A3-9474-1A3956D46DE8}") = "src", "src", "{777C93A0-C8B7-4E07-9769-C60F74E8378C}"
EndProject
Project("{2150E333-8FDC-42A3-9474-1A3956D46DE8}") = "test", "test", "{2E94274D-EE2D-4311-9DD1-E73208D3DE5D}"
EndProject
Project("{9A19103F-16F7-4668-BE54-9A1E7A4F7556}") = "Movies.Api", "WebApi-REST\src\Movies.Api\Movies.Api.csproj", "{19EEBE4D-2A93-4D69-8560-841A2E1B157C}"
EndProject
Project("{9A19103F-16F7-4668-BE54-9A1E7A4F7556}") = "Movies.Application", "WebApi-REST\src\Movies.Application\Movies.Application.csproj", "{56FACCE7-0BC9-4F04-8123-64CBF00FA5EB}"
EndProject
Project("{9A19103F-16F7-4668-BE54-9A1E7A4F7556}") = "Movies.Contracts", "WebApi-REST\src\Movies.Contracts\Movies.Contracts.csproj", "{890697CD-9D7D-493E-B11F-41BC77D9FFAE}"
EndProject
Project("{2150E333-8FDC-42A3-9474-1A3956D46DE8}") = "src", "src", "{E4E16FE4-74D4-4AF4-879D-A32FB95AE9FD}"
EndProject
Project("{9A19103F-16F7-4668-BE54-9A1E7A4F7556}") = "MoviesWebApp", "WebApp-MVC\src\MoviesWebApp\MoviesWebApp.csproj", "{7D591229-F5BA-4DEA-BD01-F51829C86228}"
EndProject
Project("{FAE04EC0-301F-11D3-BF4B-00C04F79EFBC}") = "Indentity.Api", "WebApi-REST\src\Indentity.Api\Indentity.Api.csproj", "{83FFF695-4EC9-4EB3-83D4-622209FDC9F4}"
EndProject
Project("{FAE04EC0-301F-11D3-BF4B-00C04F79EFBC}") = "Movies.Api.Tests.Unit", "WebApi-REST\test\Movies.Api.Tests.Unit\Movies.Api.Tests.Unit.csproj", "{6F7FEBBB-2152-467D-883F-E1AB484DBDE8}"
EndProject
Project("{2150E333-8FDC-42A3-9474-1A3956D46DE8}") = "Testing", "Testing", "{3EDCEE34-A946-471C-A2DE-6DA0F687E650}"
EndProject
Project("{2150E333-8FDC-42A3-9474-1A3956D46DE8}") = "Unit", "Unit", "{42B602D3-7F3D-4CEF-AC4E-357943447CB2}"
EndProject
Project("{2150E333-8FDC-42A3-9474-1A3956D46DE8}") = "Integration", "Integration", "{22A6F1EE-D01E-4ECA-BA5D-73C2171B10BE}"
EndProject
Project("{2150E333-8FDC-42A3-9474-1A3956D46DE8}") = "src", "src", "{73A08EF1-8B5F-43F0-A1C7-437E06AD618A}"
EndProject
Project("{2150E333-8FDC-42A3-9474-1A3956D46DE8}") = "tests", "tests", "{D76B3487-4903-4BB6-BE49-6B56959FED5D}"
EndProject
Project("{FAE04EC0-301F-11D3-BF4B-00C04F79EFBC}") = "Customers.Api", "Testing\Itegration\src\Customers.Api\Customers.Api
.csproj", "{474CCBB7-3886-474F-A7F4-148178191BCD}"
EndProject
Project("{FAE04EC0-301F-11D3-BF4B-00C04F79EFBC}") = "Customers.Api.Tests.Integration",
"Testing\Itegration\tests\Customers.Api.Tests.Integration\Customers.Api.Tests.Integration.csproj",
"{4BF9D17B-41D1-4CB0-94F2-6ACB3FC3DBDC}"
EndProject
Project("{2150E333-8FDC-42A3-9474-1A3956D46DE8}") = "src", "src", "{56C07BC9-CBF1-4D43-B31C-7FD51416A841}"
EndProject
Project("{2150E333-8FDC-42A3-9474-1A3956D46DE8}") = "tests", "tests", "{60E46AD9-B214-4C83-AE3B-2738190290BB}"
EndProject
Project("{FAE04EC0-301F-11D3-BF4B-00C04F79EFBC}") = "Customers.Api", "Testing\Itegration\src\Customers.Api\Customers.Api.csproj", "{3CA3B5B6-ACFB-48C3-AECF-298EF458C121}"
EndProject
Project("{FAE04EC0-301F-11D3-BF4B-00C04F79EFBC}") = "Customers.Api.Tests.Integration", "Testing\Itegration\tests\Customers.Api.Tests.Integration\Customers.Api.Tests.Integration.csproj", "{CC357D61-EE54-4100-B3F1-DE7DD20670E1}"
EndProject
Project("{FAE04EC0-301F-11D3-BF4B-00C04F79EFBC}") = "TestingTechniques", "Testing\Unit\src\TestingTechniques\TestingTechniques.csproj", "{01865AF8-5A2D-4331-8B4F-FB473F0422F0}"
EndProject
Project("{FAE04EC0-301F-11D3-BF4B-00C04F79EFBC}") = "TestingTechniques.Tests.Unit", "Testing\Unit\tests\TestingTechniques.Tests.Unit\TestingTechniques.Tests.Unit.csproj", "{6D307A98-FFB2-4311-AF03-A1E0B0304A6F}"
EndProject
Project("{2150E333-8FDC-42A3-9474-1A3956D46DE8}") = "CQRS", "CQRS", "{BD87F238-42BE-4C84-BD3C-E7664F71A254}"
	ProjectSection(SolutionItems) = preProject
		CQRS\docker-compose.yml = CQRS\docker-compose.yml
	EndProjectSection
EndProject
Project("{2150E333-8FDC-42A3-9474-1A3956D46DE8}") = "src", "src", "{5F0DBE26-10A3-40E5-9170-FCA187E2FB71}"
EndProject
Project("{2150E333-8FDC-42A3-9474-1A3956D46DE8}") = "tests", "tests", "{4446D075-C61C-4F7F-91C2-B4273CF9BD4E}"
EndProject
Project("{FAE04EC0-301F-11D3-BF4B-00C04F79EFBC}") = "Domain", "CQRS\src\Domain\Domain.csproj", "{78AFFA1F-82AB-4A88-A573-6BB3932D301D}"
EndProject
Project("{FAE04EC0-301F-11D3-BF4B-00C04F79EFBC}") = "Application", "CQRS\src\Application\Application.csproj", "{2AA1F9A1-9328-4A88-8674-DAC270AEC1EA}"
EndProject
Project("{FAE04EC0-301F-11D3-BF4B-00C04F79EFBC}") = "Infrastructure", "CQRS\src\Infrastructure\Infrastructure.csproj", "{08D18E4D-A1FC-4845-B908-74618C260776}"
EndProject
Project("{FAE04EC0-301F-11D3-BF4B-00C04F79EFBC}") = "WebApi", "CQRS\src\WebApi\WebApi.csproj", "{24A18FF2-FCFB-4309-B7B2-6947F89ADCA8}"
EndProject
Project("{2150E333-8FDC-42A3-9474-1A3956D46DE8}") = "AWS", "AWS", "{667824B2-1E36-4ADD-A7CD-971DED8B7EA3}"
EndProject
Project("{2150E333-8FDC-42A3-9474-1A3956D46DE8}") = "1.SQS", "1.SQS", "{ABCD6A05-322F-4898-98B3-D2889CF355E0}"
EndProject
Project("{2150E333-8FDC-42A3-9474-1A3956D46DE8}") = "2.SNS", "2.SNS", "{58C239EC-2BE0-4D09-9C2C-0CB8490D3E4B}"
EndProject
Project("{2150E333-8FDC-42A3-9474-1A3956D46DE8}") = "3.DynamoDB", "3.DynamoDB", "{E8FA42BA-2AA1-4E9C-A49B-9F779FED5C87}"
EndProject
Project("{2150E333-8FDC-42A3-9474-1A3956D46DE8}") = "4.S3", "4.S3", "{DC455F21-228A-41D5-B349-3E80A8E1677D}"
EndProject
Project("{2150E333-8FDC-42A3-9474-1A3956D46DE8}") = "5.SecretsManager", "5.SecretsManager", "{8CCCBDC2-1CB2-4865-99CC-E5BFA4977241}"
EndProject
Project("{FAE04EC0-301F-11D3-BF4B-00C04F79EFBC}") = "SqsPublisher", "AWS\1.SQS\SqsPublisher\SqsPublisher.csproj", "{AFE1C096-DD57-496F-BE01-A8514E5FFE32}"
EndProject
Project("{FAE04EC0-301F-11D3-BF4B-00C04F79EFBC}") = "SqsConsumer", "AWS\1.SQS\SqsConsumer\SqsConsumer.csproj", "{7F9D2C56-FFA6-480E-A6C8-6A6060C24153}"
EndProject
Project("{2150E333-8FDC-42A3-9474-1A3956D46DE8}") = "6.Lambda", "6.Lambda", "{F21BFA80-1FB3-461C-8DEF-A319A6CDE74B}"
EndProject
Project("{FAE04EC0-301F-11D3-BF4B-00C04F79EFBC}") = "Customers.Api", "AWS\1.SQS\Customers.Api\Customers.Api.csproj", "{422F16CE-7B97-4BB0-B464-3A5741077188}"
EndProject
Project("{FAE04EC0-301F-11D3-BF4B-00C04F79EFBC}") = "Customers.Consumer", "AWS\1.SQS\Customers.Consumer\Customers.Consumer.csproj", "{216E8BF0-9B66-4442-964B-C8E673E68E9D}"
EndProject
Project("{FAE04EC0-301F-11D3-BF4B-00C04F79EFBC}") = "TestingTechniques",
"Testing\Unit\src\TestingTechniques\TestingTechniques.csproj", "{CBF0D098-A709-451F-A634-ABD0D4885D74}"
EndProject
Project("{FAE04EC0-301F-11D3-BF4B-00C04F79EFBC}") = "TestingTechniques.Tests.Unit",
"Testing\Unit\tests\TestingTechniques.Tests.Unit\TestingTechniques.Tests.Unit.csproj", "{318F77EB-2106-418C-A78D-1A9174475B2D}"
EndProject
Global
	GlobalSection(SolutionConfigurationPlatforms) = preSolution
		Debug|Any CPU = Debug|Any CPU
		Release|Any CPU = Release|Any CPU
	EndGlobalSection
	GlobalSection(ProjectConfigurationPlatforms) = postSolution
		{19EEBE4D-2A93-4D69-8560-841A2E1B157C}.Debug|Any CPU.ActiveCfg = Debug|Any CPU
		{19EEBE4D-2A93-4D69-8560-841A2E1B157C}.Debug|Any CPU.Build.0 = Debug|Any CPU
		{19EEBE4D-2A93-4D69-8560-841A2E1B157C}.Release|Any CPU.ActiveCfg = Release|Any CPU
		{19EEBE4D-2A93-4D69-8560-841A2E1B157C}.Release|Any CPU.Build.0 = Release|Any CPU
		{56FACCE7-0BC9-4F04-8123-64CBF00FA5EB}.Debug|Any CPU.ActiveCfg = Debug|Any CPU
		{56FACCE7-0BC9-4F04-8123-64CBF00FA5EB}.Debug|Any CPU.Build.0 = Debug|Any CPU
		{56FACCE7-0BC9-4F04-8123-64CBF00FA5EB}.Release|Any CPU.ActiveCfg = Release|Any CPU
		{56FACCE7-0BC9-4F04-8123-64CBF00FA5EB}.Release|Any CPU.Build.0 = Release|Any CPU
		{890697CD-9D7D-493E-B11F-41BC77D9FFAE}.Debug|Any CPU.ActiveCfg = Debug|Any CPU
		{890697CD-9D7D-493E-B11F-41BC77D9FFAE}.Debug|Any CPU.Build.0 = Debug|Any CPU
		{890697CD-9D7D-493E-B11F-41BC77D9FFAE}.Release|Any CPU.ActiveCfg = Release|Any CPU
		{890697CD-9D7D-493E-B11F-41BC77D9FFAE}.Release|Any CPU.Build.0 = Release|Any CPU
		{7D591229-F5BA-4DEA-BD01-F51829C86228}.Debug|Any CPU.ActiveCfg = Debug|Any CPU
		{7D591229-F5BA-4DEA-BD01-F51829C86228}.Debug|Any CPU.Build.0 = Debug|Any CPU
		{7D591229-F5BA-4DEA-BD01-F51829C86228}.Release|Any CPU.ActiveCfg = Release|Any CPU
		{7D591229-F5BA-4DEA-BD01-F51829C86228}.Release|Any CPU.Build.0 = Release|Any CPU
		{83FFF695-4EC9-4EB3-83D4-622209FDC9F4}.Debug|Any CPU.ActiveCfg = Debug|Any CPU
		{83FFF695-4EC9-4EB3-83D4-622209FDC9F4}.Debug|Any CPU.Build.0 = Debug|Any CPU
		{83FFF695-4EC9-4EB3-83D4-622209FDC9F4}.Release|Any CPU.ActiveCfg = Release|Any CPU
		{83FFF695-4EC9-4EB3-83D4-622209FDC9F4}.Release|Any CPU.Build.0 = Release|Any CPU
		{6F7FEBBB-2152-467D-883F-E1AB484DBDE8}.Debug|Any CPU.ActiveCfg = Debug|Any CPU
		{6F7FEBBB-2152-467D-883F-E1AB484DBDE8}.Debug|Any CPU.Build.0 = Debug|Any CPU
		{6F7FEBBB-2152-467D-883F-E1AB484DBDE8}.Release|Any CPU.ActiveCfg = Release|Any CPU
		{6F7FEBBB-2152-467D-883F-E1AB484DBDE8}.Release|Any CPU.Build.0 = Release|Any CPU
		{474CCBB7-3886-474F-A7F4-148178191BCD}.Debug|Any CPU.ActiveCfg = Debug|Any CPU
		{474CCBB7-3886-474F-A7F4-148178191BCD}.Debug|Any CPU.Build.0 = Debug|Any CPU
		{474CCBB7-3886-474F-A7F4-148178191BCD}.Release|Any CPU.ActiveCfg = Release|Any CPU
		{474CCBB7-3886-474F-A7F4-148178191BCD}.Release|Any CPU.Build.0 = Release|Any CPU
		{4BF9D17B-41D1-4CB0-94F2-6ACB3FC3DBDC}.Debug|Any CPU.ActiveCfg = Debug|Any CPU
		{4BF9D17B-41D1-4CB0-94F2-6ACB3FC3DBDC}.Debug|Any CPU.Build.0 = Debug|Any CPU
		{4BF9D17B-41D1-4CB0-94F2-6ACB3FC3DBDC}.Release|Any CPU.ActiveCfg = Release|Any CPU
		{4BF9D17B-41D1-4CB0-94F2-6ACB3FC3DBDC}.Release|Any CPU.Build.0 = Release|Any CPU
		{CBF0D098-A709-451F-A634-ABD0D4885D74}.Debug|Any CPU.ActiveCfg = Debug|Any CPU
		{CBF0D098-A709-451F-A634-ABD0D4885D74}.Debug|Any CPU.Build.0 = Debug|Any CPU
		{CBF0D098-A709-451F-A634-ABD0D4885D74}.Release|Any CPU.ActiveCfg = Release|Any CPU
		{CBF0D098-A709-451F-A634-ABD0D4885D74}.Release|Any CPU.Build.0 = Release|Any CPU
		{318F77EB-2106-418C-A78D-1A9174475B2D}.Debug|Any CPU.ActiveCfg = Debug|Any CPU
		{318F77EB-2106-418C-A78D-1A9174475B2D}.Debug|Any CPU.Build.0 = Debug|Any CPU
		{318F77EB-2106-418C-A78D-1A9174475B2D}.Release|Any CPU.ActiveCfg = Release|Any CPU
		{318F77EB-2106-418C-A78D-1A9174475B2D}.Release|Any CPU.Build.0 = Release|Any CPU
		{3CA3B5B6-ACFB-48C3-AECF-298EF458C121}.Debug|Any CPU.ActiveCfg = Debug|Any CPU
		{3CA3B5B6-ACFB-48C3-AECF-298EF458C121}.Debug|Any CPU.Build.0 = Debug|Any CPU
		{3CA3B5B6-ACFB-48C3-AECF-298EF458C121}.Release|Any CPU.ActiveCfg = Release|Any CPU
		{3CA3B5B6-ACFB-48C3-AECF-298EF458C121}.Release|Any CPU.Build.0 = Release|Any CPU
		{CC357D61-EE54-4100-B3F1-DE7DD20670E1}.Debug|Any CPU.ActiveCfg = Debug|Any CPU
		{CC357D61-EE54-4100-B3F1-DE7DD20670E1}.Debug|Any CPU.Build.0 = Debug|Any CPU
		{CC357D61-EE54-4100-B3F1-DE7DD20670E1}.Release|Any CPU.ActiveCfg = Release|Any CPU
		{CC357D61-EE54-4100-B3F1-DE7DD20670E1}.Release|Any CPU.Build.0 = Release|Any CPU
		{01865AF8-5A2D-4331-8B4F-FB473F0422F0}.Debug|Any CPU.ActiveCfg = Debug|Any CPU
		{01865AF8-5A2D-4331-8B4F-FB473F0422F0}.Debug|Any CPU.Build.0 = Debug|Any CPU
		{01865AF8-5A2D-4331-8B4F-FB473F0422F0}.Release|Any CPU.ActiveCfg = Release|Any CPU
		{01865AF8-5A2D-4331-8B4F-FB473F0422F0}.Release|Any CPU.Build.0 = Release|Any CPU
		{6D307A98-FFB2-4311-AF03-A1E0B0304A6F}.Debug|Any CPU.ActiveCfg = Debug|Any CPU
		{6D307A98-FFB2-4311-AF03-A1E0B0304A6F}.Debug|Any CPU.Build.0 = Debug|Any CPU
		{6D307A98-FFB2-4311-AF03-A1E0B0304A6F}.Release|Any CPU.ActiveCfg = Release|Any CPU
		{6D307A98-FFB2-4311-AF03-A1E0B0304A6F}.Release|Any CPU.Build.0 = Release|Any CPU
		{78AFFA1F-82AB-4A88-A573-6BB3932D301D}.Debug|Any CPU.ActiveCfg = Debug|Any CPU
		{78AFFA1F-82AB-4A88-A573-6BB3932D301D}.Debug|Any CPU.Build.0 = Debug|Any CPU
		{78AFFA1F-82AB-4A88-A573-6BB3932D301D}.Release|Any CPU.ActiveCfg = Release|Any CPU
		{78AFFA1F-82AB-4A88-A573-6BB3932D301D}.Release|Any CPU.Build.0 = Release|Any CPU
		{2AA1F9A1-9328-4A88-8674-DAC270AEC1EA}.Debug|Any CPU.ActiveCfg = Debug|Any CPU
		{2AA1F9A1-9328-4A88-8674-DAC270AEC1EA}.Debug|Any CPU.Build.0 = Debug|Any CPU
		{2AA1F9A1-9328-4A88-8674-DAC270AEC1EA}.Release|Any CPU.ActiveCfg = Release|Any CPU
		{2AA1F9A1-9328-4A88-8674-DAC270AEC1EA}.Release|Any CPU.Build.0 = Release|Any CPU
		{08D18E4D-A1FC-4845-B908-74618C260776}.Debug|Any CPU.ActiveCfg = Debug|Any CPU
		{08D18E4D-A1FC-4845-B908-74618C260776}.Debug|Any CPU.Build.0 = Debug|Any CPU
		{08D18E4D-A1FC-4845-B908-74618C260776}.Release|Any CPU.ActiveCfg = Release|Any CPU
		{08D18E4D-A1FC-4845-B908-74618C260776}.Release|Any CPU.Build.0 = Release|Any CPU
		{24A18FF2-FCFB-4309-B7B2-6947F89ADCA8}.Debug|Any CPU.ActiveCfg = Debug|Any CPU
		{24A18FF2-FCFB-4309-B7B2-6947F89ADCA8}.Debug|Any CPU.Build.0 = Debug|Any CPU
		{24A18FF2-FCFB-4309-B7B2-6947F89ADCA8}.Release|Any CPU.ActiveCfg = Release|Any CPU
		{24A18FF2-FCFB-4309-B7B2-6947F89ADCA8}.Release|Any CPU.Build.0 = Release|Any CPU
		{AFE1C096-DD57-496F-BE01-A8514E5FFE32}.Debug|Any CPU.ActiveCfg = Debug|Any CPU
		{AFE1C096-DD57-496F-BE01-A8514E5FFE32}.Debug|Any CPU.Build.0 = Debug|Any CPU
		{AFE1C096-DD57-496F-BE01-A8514E5FFE32}.Release|Any CPU.ActiveCfg = Release|Any CPU
		{AFE1C096-DD57-496F-BE01-A8514E5FFE32}.Release|Any CPU.Build.0 = Release|Any CPU
		{7F9D2C56-FFA6-480E-A6C8-6A6060C24153}.Debug|Any CPU.ActiveCfg = Debug|Any CPU
		{7F9D2C56-FFA6-480E-A6C8-6A6060C24153}.Debug|Any CPU.Build.0 = Debug|Any CPU
		{7F9D2C56-FFA6-480E-A6C8-6A6060C24153}.Release|Any CPU.ActiveCfg = Release|Any CPU
		{7F9D2C56-FFA6-480E-A6C8-6A6060C24153}.Release|Any CPU.Build.0 = Release|Any CPU
		{422F16CE-7B97-4BB0-B464-3A5741077188}.Debug|Any CPU.ActiveCfg = Debug|Any CPU
		{422F16CE-7B97-4BB0-B464-3A5741077188}.Debug|Any CPU.Build.0 = Debug|Any CPU
		{422F16CE-7B97-4BB0-B464-3A5741077188}.Release|Any CPU.ActiveCfg = Release|Any CPU
		{422F16CE-7B97-4BB0-B464-3A5741077188}.Release|Any CPU.Build.0 = Release|Any CPU
		{216E8BF0-9B66-4442-964B-C8E673E68E9D}.Debug|Any CPU.ActiveCfg = Debug|Any CPU
		{216E8BF0-9B66-4442-964B-C8E673E68E9D}.Debug|Any CPU.Build.0 = Debug|Any CPU
		{216E8BF0-9B66-4442-964B-C8E673E68E9D}.Release|Any CPU.ActiveCfg = Release|Any CPU
		{216E8BF0-9B66-4442-964B-C8E673E68E9D}.Release|Any CPU.Build.0 = Release|Any CPU
	EndGlobalSection
	GlobalSection(SolutionProperties) = preSolution
		HideSolutionNode = FALSE
	EndGlobalSection
	GlobalSection(NestedProjects) = preSolution
		{777C93A0-C8B7-4E07-9769-C60F74E8378C} = {70EA1F81-3B55-47A6-9DF7-E327B155F5CD}
		{2E94274D-EE2D-4311-9DD1-E73208D3DE5D} = {70EA1F81-3B55-47A6-9DF7-E327B155F5CD}
		{19EEBE4D-2A93-4D69-8560-841A2E1B157C} = {777C93A0-C8B7-4E07-9769-C60F74E8378C}
		{56FACCE7-0BC9-4F04-8123-64CBF00FA5EB} = {777C93A0-C8B7-4E07-9769-C60F74E8378C}
		{890697CD-9D7D-493E-B11F-41BC77D9FFAE} = {777C93A0-C8B7-4E07-9769-C60F74E8378C}
		{E4E16FE4-74D4-4AF4-879D-A32FB95AE9FD} = {03E90E1E-9275-4A34-B47E-42C08732E246}
		{7D591229-F5BA-4DEA-BD01-F51829C86228} = {E4E16FE4-74D4-4AF4-879D-A32FB95AE9FD}
		{83FFF695-4EC9-4EB3-83D4-622209FDC9F4} = {777C93A0-C8B7-4E07-9769-C60F74E8378C}
		{6F7FEBBB-2152-467D-883F-E1AB484DBDE8} = {2E94274D-EE2D-4311-9DD1-E73208D3DE5D}
		{42B602D3-7F3D-4CEF-AC4E-357943447CB2} = {3EDCEE34-A946-471C-A2DE-6DA0F687E650}
		{22A6F1EE-D01E-4ECA-BA5D-73C2171B10BE} = {3EDCEE34-A946-471C-A2DE-6DA0F687E650}
		{73A08EF1-8B5F-43F0-A1C7-437E06AD618A} = {22A6F1EE-D01E-4ECA-BA5D-73C2171B10BE}
		{D76B3487-4903-4BB6-BE49-6B56959FED5D} = {22A6F1EE-D01E-4ECA-BA5D-73C2171B10BE}
		{474CCBB7-3886-474F-A7F4-148178191BCD} = {73A08EF1-8B5F-43F0-A1C7-437E06AD618A}
		{4BF9D17B-41D1-4CB0-94F2-6ACB3FC3DBDC} = {D76B3487-4903-4BB6-BE49-6B56959FED5D}
		{56C07BC9-CBF1-4D43-B31C-7FD51416A841} = {42B602D3-7F3D-4CEF-AC4E-357943447CB2}
		{60E46AD9-B214-4C83-AE3B-2738190290BB} = {42B602D3-7F3D-4CEF-AC4E-357943447CB2}
		{CBF0D098-A709-451F-A634-ABD0D4885D74} = {56C07BC9-CBF1-4D43-B31C-7FD51416A841}
		{318F77EB-2106-418C-A78D-1A9174475B2D} = {60E46AD9-B214-4C83-AE3B-2738190290BB}
		{3CA3B5B6-ACFB-48C3-AECF-298EF458C121} = {73A08EF1-8B5F-43F0-A1C7-437E06AD618A}
		{CC357D61-EE54-4100-B3F1-DE7DD20670E1} = {D76B3487-4903-4BB6-BE49-6B56959FED5D}
		{01865AF8-5A2D-4331-8B4F-FB473F0422F0} = {56C07BC9-CBF1-4D43-B31C-7FD51416A841}
		{6D307A98-FFB2-4311-AF03-A1E0B0304A6F} = {60E46AD9-B214-4C83-AE3B-2738190290BB}
		{5F0DBE26-10A3-40E5-9170-FCA187E2FB71} = {BD87F238-42BE-4C84-BD3C-E7664F71A254}
		{4446D075-C61C-4F7F-91C2-B4273CF9BD4E} = {BD87F238-42BE-4C84-BD3C-E7664F71A254}
		{78AFFA1F-82AB-4A88-A573-6BB3932D301D} = {5F0DBE26-10A3-40E5-9170-FCA187E2FB71}
		{2AA1F9A1-9328-4A88-8674-DAC270AEC1EA} = {5F0DBE26-10A3-40E5-9170-FCA187E2FB71}
		{08D18E4D-A1FC-4845-B908-74618C260776} = {5F0DBE26-10A3-40E5-9170-FCA187E2FB71}
		{24A18FF2-FCFB-4309-B7B2-6947F89ADCA8} = {5F0DBE26-10A3-40E5-9170-FCA187E2FB71}
		{ABCD6A05-322F-4898-98B3-D2889CF355E0} = {667824B2-1E36-4ADD-A7CD-971DED8B7EA3}
		{58C239EC-2BE0-4D09-9C2C-0CB8490D3E4B} = {667824B2-1E36-4ADD-A7CD-971DED8B7EA3}
		{E8FA42BA-2AA1-4E9C-A49B-9F779FED5C87} = {667824B2-1E36-4ADD-A7CD-971DED8B7EA3}
		{DC455F21-228A-41D5-B349-3E80A8E1677D} = {667824B2-1E36-4ADD-A7CD-971DED8B7EA3}
		{8CCCBDC2-1CB2-4865-99CC-E5BFA4977241} = {667824B2-1E36-4ADD-A7CD-971DED8B7EA3}
		{AFE1C096-DD57-496F-BE01-A8514E5FFE32} = {ABCD6A05-322F-4898-98B3-D2889CF355E0}
		{7F9D2C56-FFA6-480E-A6C8-6A6060C24153} = {ABCD6A05-322F-4898-98B3-D2889CF355E0}
		{F21BFA80-1FB3-461C-8DEF-A319A6CDE74B} = {667824B2-1E36-4ADD-A7CD-971DED8B7EA3}
		{422F16CE-7B97-4BB0-B464-3A5741077188} = {ABCD6A05-322F-4898-98B3-D2889CF355E0}
		{216E8BF0-9B66-4442-964B-C8E673E68E9D} = {ABCD6A05-322F-4898-98B3-D2889CF355E0}
	EndGlobalSection
	GlobalSection(ExtensibilityGlobals) = postSolution
		SolutionGuid = {5615701A-78A8-4269-BE4B-F168E1373FD9}
	EndGlobalSection
EndGlobal
