
Microsoft Visual Studio Solution File, Format Version 12.00
# Visual Studio Version 17
VisualStudioVersion = 17.6.33815.320
MinimumVisualStudioVersion = 10.0.40219.1
Project("{2150E333-8FDC-42A3-9474-1A3956D46DE8}") = "WebApi-REST", "WebApi-REST", "{70EA1F81-3B55-47A6-9DF7-E327B155F5CD}"
EndProject
Project("{2150E333-8FDC-42A3-9474-1A3956D46DE8}") = "WebApp-MVC", "WebApp-MVC", "{03E90E1E-9275-4A34-B47E-42C08732E246}"
EndProject
Project("{2150E333-8FDC-42A3-9474-1A3956D46DE8}") = "src", "src", "{777C93A0-C8B7-4E07-9769-C60F74E8378C}"
EndProject
Project("{2150E333-8FDC-42A3-9474-1A3956D46DE8}") = "test", "test", "{2E94274D-EE2D-4311-9DD1-E73208D3DE5D}"
EndProject
Project("{9A19103F-16F7-4668-BE54-9A1E7A4F7556}") = "Movies.Api", "WebApi-REST\src\Movies.Api\Movies.Api.csproj", "{19EEBE4D-2A93-4D69-8560-841A2E1B157C}"
EndProject
Project("{9A19103F-16F7-4668-BE54-9A1E7A4F7556}") = "Movies.Application", "WebApi-REST\src\Movies.Application\Movies.Application.csproj", "{56FACCE7-0BC9-4F04-8123-64CBF00FA5EB}"
EndProject
Project("{9A19103F-16F7-4668-BE54-9A1E7A4F7556}") = "Movies.Contracts", "WebApi-REST\src\Movies.Contracts\Movies.Contracts.csproj", "{890697CD-9D7D-493E-B11F-41BC77D9FFAE}"
EndProject
Project("{9A19103F-16F7-4668-BE54-9A1E7A4F7556}") = "Movies.Api.Tests.Unit", "WebApi-REST\test\Movies.Api.Tests.Unit\Movies.Api.Tests.Unit.csproj", "{EDE00139-9B91-412A-B705-740755F26193}"
EndProject
Project("{2150E333-8FDC-42A3-9474-1A3956D46DE8}") = "src", "src", "{E4E16FE4-74D4-4AF4-879D-A32FB95AE9FD}"
EndProject
Project("{9A19103F-16F7-4668-BE54-9A1E7A4F7556}") = "MoviesWebApp", "WebApp-MVC\src\MoviesWebApp\MoviesWebApp.csproj", "{7D591229-F5BA-4DEA-BD01-F51829C86228}"
EndProject
Project("{FAE04EC0-301F-11D3-BF4B-00C04F79EFBC}") = "Indentity.Api", "WebApi-REST\src\Indentity.Api\Indentity.Api.csproj", "{83FFF695-4EC9-4EB3-83D4-622209FDC9F4}"
EndProject
Global
	GlobalSection(SolutionConfigurationPlatforms) = preSolution
		Debug|Any CPU = Debug|Any CPU
		Release|Any CPU = Release|Any CPU
	EndGlobalSection
	GlobalSection(ProjectConfigurationPlatforms) = postSolution
		{19EEBE4D-2A93-4D69-8560-841A2E1B157C}.Debug|Any CPU.ActiveCfg = Debug|Any CPU
		{19EEBE4D-2A93-4D69-8560-841A2E1B157C}.Debug|Any CPU.Build.0 = Debug|Any CPU
		{19EEBE4D-2A93-4D69-8560-841A2E1B157C}.Release|Any CPU.ActiveCfg = Release|Any CPU
		{19EEBE4D-2A93-4D69-8560-841A2E1B157C}.Release|Any CPU.Build.0 = Release|Any CPU
		{56FACCE7-0BC9-4F04-8123-64CBF00FA5EB}.Debug|Any CPU.ActiveCfg = Debug|Any CPU
		{56FACCE7-0BC9-4F04-8123-64CBF00FA5EB}.Debug|Any CPU.Build.0 = Debug|Any CPU
		{56FACCE7-0BC9-4F04-8123-64CBF00FA5EB}.Release|Any CPU.ActiveCfg = Release|Any CPU
		{56FACCE7-0BC9-4F04-8123-64CBF00FA5EB}.Release|Any CPU.Build.0 = Release|Any CPU
		{890697CD-9D7D-493E-B11F-41BC77D9FFAE}.Debug|Any CPU.ActiveCfg = Debug|Any CPU
		{890697CD-9D7D-493E-B11F-41BC77D9FFAE}.Debug|Any CPU.Build.0 = Debug|Any CPU
		{890697CD-9D7D-493E-B11F-41BC77D9FFAE}.Release|Any CPU.ActiveCfg = Release|Any CPU
		{890697CD-9D7D-493E-B11F-41BC77D9FFAE}.Release|Any CPU.Build.0 = Release|Any CPU
		{EDE00139-9B91-412A-B705-740755F26193}.Debug|Any CPU.ActiveCfg = Debug|Any CPU
		{EDE00139-9B91-412A-B705-740755F26193}.Debug|Any CPU.Build.0 = Debug|Any CPU
		{EDE00139-9B91-412A-B705-740755F26193}.Release|Any CPU.ActiveCfg = Release|Any CPU
		{EDE00139-9B91-412A-B705-740755F26193}.Release|Any CPU.Build.0 = Release|Any CPU
		{7D591229-F5BA-4DEA-BD01-F51829C86228}.Debug|Any CPU.ActiveCfg = Debug|Any CPU
		{7D591229-F5BA-4DEA-BD01-F51829C86228}.Debug|Any CPU.Build.0 = Debug|Any CPU
		{7D591229-F5BA-4DEA-BD01-F51829C86228}.Release|Any CPU.ActiveCfg = Release|Any CPU
		{7D591229-F5BA-4DEA-BD01-F51829C86228}.Release|Any CPU.Build.0 = Release|Any CPU
		{83FFF695-4EC9-4EB3-83D4-622209FDC9F4}.Debug|Any CPU.ActiveCfg = Debug|Any CPU
		{83FFF695-4EC9-4EB3-83D4-622209FDC9F4}.Debug|Any CPU.Build.0 = Debug|Any CPU
		{83FFF695-4EC9-4EB3-83D4-622209FDC9F4}.Release|Any CPU.ActiveCfg = Release|Any CPU
		{83FFF695-4EC9-4EB3-83D4-622209FDC9F4}.Release|Any CPU.Build.0 = Release|Any CPU
	EndGlobalSection
	GlobalSection(SolutionProperties) = preSolution
		HideSolutionNode = FALSE
	EndGlobalSection
	GlobalSection(NestedProjects) = preSolution
		{777C93A0-C8B7-4E07-9769-C60F74E8378C} = {70EA1F81-3B55-47A6-9DF7-E327B155F5CD}
		{2E94274D-EE2D-4311-9DD1-E73208D3DE5D} = {70EA1F81-3B55-47A6-9DF7-E327B155F5CD}
		{19EEBE4D-2A93-4D69-8560-841A2E1B157C} = {777C93A0-C8B7-4E07-9769-C60F74E8378C}
		{56FACCE7-0BC9-4F04-8123-64CBF00FA5EB} = {777C93A0-C8B7-4E07-9769-C60F74E8378C}
		{890697CD-9D7D-493E-B11F-41BC77D9FFAE} = {777C93A0-C8B7-4E07-9769-C60F74E8378C}
		{EDE00139-9B91-412A-B705-740755F26193} = {2E94274D-EE2D-4311-9DD1-E73208D3DE5D}
		{E4E16FE4-74D4-4AF4-879D-A32FB95AE9FD} = {03E90E1E-9275-4A34-B47E-42C08732E246}
		{7D591229-F5BA-4DEA-BD01-F51829C86228} = {E4E16FE4-74D4-4AF4-879D-A32FB95AE9FD}
		{83FFF695-4EC9-4EB3-83D4-622209FDC9F4} = {777C93A0-C8B7-4E07-9769-C60F74E8378C}
	EndGlobalSection
	GlobalSection(ExtensibilityGlobals) = postSolution
		SolutionGuid = {5615701A-78A8-4269-BE4B-F168E1373FD9}
	EndGlobalSection
EndGlobal
