
Microsoft Visual Studio Solution File, Format Version 12.00
# Visual Studio Version 16
VisualStudioVersion = 16.0.810.14
MinimumVisualStudioVersion = 10.0.40219.1
Project("{FAE04EC0-301F-11D3-BF4B-00C04F79EFBC}") = "MovieApp", "MovieApp\MovieApp.csproj", "{E9810FFF-DAA5-481C-838A-0B1BE2B22FC5}"
EndProject
Global
	GlobalSection(SolutionConfigurationPlatforms) = preSolution
		Debug|Any CPU = Debug|Any CPU
		Release|Any CPU = Release|Any CPU
	EndGlobalSection
	GlobalSection(ProjectConfigurationPlatforms) = postSolution
		{E9810FFF-DAA5-481C-838A-0B1BE2B22FC5}.Debug|Any CPU.ActiveCfg = Debug|Any CPU
		{E9810FFF-DAA5-481C-838A-0B1BE2B22FC5}.Debug|Any CPU.Build.0 = Debug|Any CPU
		{E9810FFF-DAA5-481C-838A-0B1BE2B22FC5}.Release|Any CPU.ActiveCfg = Release|Any CPU
		{E9810FFF-DAA5-481C-838A-0B1BE2B22FC5}.Release|Any CPU.Build.0 = Release|Any CPU
	EndGlobalSection
	GlobalSection(SolutionProperties) = preSolution
		HideSolutionNode = FALSE
	EndGlobalSection
	GlobalSection(ExtensibilityGlobals) = postSolution
		SolutionGuid = {4A96A8C8-B586-40DC-A694-5EB1A727BE6B}
	EndGlobalSection
EndGlobal
