
Microsoft Visual Studio Solution File, Format Version 12.00
Project("{2150E333-8FDC-42A3-9474-1A3956D46DE8}") = "src", "src", "{44FE8C78-93B6-46DB-B048-18B7119FB97C}"
EndProject
Project("{2150E333-8FDC-42A3-9474-1A3956D46DE8}") = "tests", "tests", "{1D79F5C5-B270-4387-9F53-7DF24F5E6ABD}"
EndProject
Project("{FAE04EC0-301F-11D3-BF4B-00C04F79EFBC}") = "FreeStuff", "src\FreeStuff\FreeStuff.csproj", "{5D94C775-57AB-4517-9EA0-C95294E7ED1B}"
EndProject
Project("{FAE04EC0-301F-11D3-BF4B-00C04F79EFBC}") = "FreeStuff.Api", "src\FreeStuff.Api\FreeStuff.Api.csproj", "{A93C7A66-B533-42E2-8CFE-4630D567AADE}"
EndProject
Project("{FAE04EC0-301F-11D3-BF4B-00C04F79EFBC}") = "FreeStuff.Contracts", "src\FreeStuff.Contracts\FreeStuff.Contracts.csproj", "{61BFBEC7-132F-4F2F-9A6A-01C9425861B7}"
EndProject
Project("{2150E333-8FDC-42A3-9474-1A3956D46DE8}") = "Unit", "Unit", "{DD820717-700D-4D83-88CC-CD5719F7C67C}"
EndProject
Project("{FAE04EC0-301F-11D3-BF4B-00C04F79EFBC}") = "FreeStuff.Tests.Unit", "tests\Unit\FreeStuff.Tests.Unit\FreeStuff.Tests.Unit.csproj", "{CA65A071-EAD1-456D-95E9-85F0D0A6F266}"
EndProject
Project("{2150E333-8FDC-42A3-9474-1A3956D46DE8}") = "Integration", "Integration", "{AA9A60E4-E7AF-4EFF-8AAE-3B7766253A8C}"
EndProject
Project("{FAE04EC0-301F-11D3-BF4B-00C04F79EFBC}") = "FreeStuff.Api.Tests.Integration", "tests\Integration\FreeStuff.Api.Tests.Integration\FreeStuff.Api.Tests.Integration.csproj", "{BCE8AA98-342A-4509-9CAB-118A57A9B2B2}"
EndProject
Project("{2150E333-8FDC-42A3-9474-1A3956D46DE8}") = "Utils", "Utils", "{129A8908-BD66-4C4A-A6C4-5230416F225F}"
EndProject
Project("{FAE04EC0-301F-11D3-BF4B-00C04F79EFBC}") = "FreeStuff.Tests.Utils", "tests\Utils\FreeStuff.Tests.Utils\FreeStuff.Tests.Utils.csproj", "{616DE2BE-1D29-40D5-A615-218F7272BFC0}"
EndProject
Project("{FAE04EC0-301F-11D3-BF4B-00C04F79EFBC}") = "FreeStuff.Consumer", "src\FreeStuff.Consumer\FreeStuff.Consumer.csproj", "{9D75028F-B938-4BAA-8461-66B233B3154D}"
EndProject
Project("{2150E333-8FDC-42A3-9474-1A3956D46DE8}") = "Solution Items", "Solution Items", "{019E4F80-C4E2-49F3-BAFB-1E949A447A84}"
	ProjectSection(SolutionItems) = preProject
		docker-compose.yml = docker-compose.yml
	EndProjectSection
EndProject
Project("{FAE04EC0-301F-11D3-BF4B-00C04F79EFBC}") = "FreeStuff.Identity.Api", "src\FreeStuff.Identity.Api\FreeStuff.Identity.Api.csproj", "{EE5FC122-DCED-43D6-BCB1-5B81D9A3C36C}"
EndProject
Global
	GlobalSection(SolutionConfigurationPlatforms) = preSolution
		Debug|Any CPU = Debug|Any CPU
		Release|Any CPU = Release|Any CPU
	EndGlobalSection
	GlobalSection(NestedProjects) = preSolution
		{5D94C775-57AB-4517-9EA0-C95294E7ED1B} = {44FE8C78-93B6-46DB-B048-18B7119FB97C}
		{A93C7A66-B533-42E2-8CFE-4630D567AADE} = {44FE8C78-93B6-46DB-B048-18B7119FB97C}
		{61BFBEC7-132F-4F2F-9A6A-01C9425861B7} = {44FE8C78-93B6-46DB-B048-18B7119FB97C}
		{DD820717-700D-4D83-88CC-CD5719F7C67C} = {1D79F5C5-B270-4387-9F53-7DF24F5E6ABD}
		{CA65A071-EAD1-456D-95E9-85F0D0A6F266} = {DD820717-700D-4D83-88CC-CD5719F7C67C}
		{AA9A60E4-E7AF-4EFF-8AAE-3B7766253A8C} = {1D79F5C5-B270-4387-9F53-7DF24F5E6ABD}
		{BCE8AA98-342A-4509-9CAB-118A57A9B2B2} = {AA9A60E4-E7AF-4EFF-8AAE-3B7766253A8C}
		{129A8908-BD66-4C4A-A6C4-5230416F225F} = {1D79F5C5-B270-4387-9F53-7DF24F5E6ABD}
		{616DE2BE-1D29-40D5-A615-218F7272BFC0} = {129A8908-BD66-4C4A-A6C4-5230416F225F}
		{9D75028F-B938-4BAA-8461-66B233B3154D} = {44FE8C78-93B6-46DB-B048-18B7119FB97C}
		{EE5FC122-DCED-43D6-BCB1-5B81D9A3C36C} = {44FE8C78-93B6-46DB-B048-18B7119FB97C}
	EndGlobalSection
	GlobalSection(ProjectConfigurationPlatforms) = postSolution
		{5D94C775-57AB-4517-9EA0-C95294E7ED1B}.Debug|Any CPU.ActiveCfg = Debug|Any CPU
		{5D94C775-57AB-4517-9EA0-C95294E7ED1B}.Debug|Any CPU.Build.0 = Debug|Any CPU
		{5D94C775-57AB-4517-9EA0-C95294E7ED1B}.Release|Any CPU.ActiveCfg = Release|Any CPU
		{5D94C775-57AB-4517-9EA0-C95294E7ED1B}.Release|Any CPU.Build.0 = Release|Any CPU
		{A93C7A66-B533-42E2-8CFE-4630D567AADE}.Debug|Any CPU.ActiveCfg = Debug|Any CPU
		{A93C7A66-B533-42E2-8CFE-4630D567AADE}.Debug|Any CPU.Build.0 = Debug|Any CPU
		{A93C7A66-B533-42E2-8CFE-4630D567AADE}.Release|Any CPU.ActiveCfg = Release|Any CPU
		{A93C7A66-B533-42E2-8CFE-4630D567AADE}.Release|Any CPU.Build.0 = Release|Any CPU
		{61BFBEC7-132F-4F2F-9A6A-01C9425861B7}.Debug|Any CPU.ActiveCfg = Debug|Any CPU
		{61BFBEC7-132F-4F2F-9A6A-01C9425861B7}.Debug|Any CPU.Build.0 = Debug|Any CPU
		{61BFBEC7-132F-4F2F-9A6A-01C9425861B7}.Release|Any CPU.ActiveCfg = Release|Any CPU
		{61BFBEC7-132F-4F2F-9A6A-01C9425861B7}.Release|Any CPU.Build.0 = Release|Any CPU
		{CA65A071-EAD1-456D-95E9-85F0D0A6F266}.Debug|Any CPU.ActiveCfg = Debug|Any CPU
		{CA65A071-EAD1-456D-95E9-85F0D0A6F266}.Debug|Any CPU.Build.0 = Debug|Any CPU
		{CA65A071-EAD1-456D-95E9-85F0D0A6F266}.Release|Any CPU.ActiveCfg = Release|Any CPU
		{CA65A071-EAD1-456D-95E9-85F0D0A6F266}.Release|Any CPU.Build.0 = Release|Any CPU
		{BCE8AA98-342A-4509-9CAB-118A57A9B2B2}.Debug|Any CPU.ActiveCfg = Debug|Any CPU
		{BCE8AA98-342A-4509-9CAB-118A57A9B2B2}.Debug|Any CPU.Build.0 = Debug|Any CPU
		{BCE8AA98-342A-4509-9CAB-118A57A9B2B2}.Release|Any CPU.ActiveCfg = Release|Any CPU
		{BCE8AA98-342A-4509-9CAB-118A57A9B2B2}.Release|Any CPU.Build.0 = Release|Any CPU
		{616DE2BE-1D29-40D5-A615-218F7272BFC0}.Debug|Any CPU.ActiveCfg = Debug|Any CPU
		{616DE2BE-1D29-40D5-A615-218F7272BFC0}.Debug|Any CPU.Build.0 = Debug|Any CPU
		{616DE2BE-1D29-40D5-A615-218F7272BFC0}.Release|Any CPU.ActiveCfg = Release|Any CPU
		{616DE2BE-1D29-40D5-A615-218F7272BFC0}.Release|Any CPU.Build.0 = Release|Any CPU
		{9D75028F-B938-4BAA-8461-66B233B3154D}.Debug|Any CPU.ActiveCfg = Debug|Any CPU
		{9D75028F-B938-4BAA-8461-66B233B3154D}.Debug|Any CPU.Build.0 = Debug|Any CPU
		{9D75028F-B938-4BAA-8461-66B233B3154D}.Release|Any CPU.ActiveCfg = Release|Any CPU
		{9D75028F-B938-4BAA-8461-66B233B3154D}.Release|Any CPU.Build.0 = Release|Any CPU
		{EE5FC122-DCED-43D6-BCB1-5B81D9A3C36C}.Debug|Any CPU.ActiveCfg = Debug|Any CPU
		{EE5FC122-DCED-43D6-BCB1-5B81D9A3C36C}.Debug|Any CPU.Build.0 = Debug|Any CPU
		{EE5FC122-DCED-43D6-BCB1-5B81D9A3C36C}.Release|Any CPU.ActiveCfg = Release|Any CPU
		{EE5FC122-DCED-43D6-BCB1-5B81D9A3C36C}.Release|Any CPU.Build.0 = Release|Any CPU
	EndGlobalSection
EndGlobal
